<?xml version="1.0" encoding="utf-8"?>
<Project ToolsVersion="4.0" xmlns="http://schemas.microsoft.com/developer/msbuild/2003">
  <ItemGroup>
    <Filter Include="source">
      <UniqueIdentifier>{8e247098-4eb7-4529-a01b-7172737d4814}</UniqueIdentifier>
      <Extensions>cpp;c;cxx;def;odl;idl;hpj;bat;asm</Extensions>
    </Filter>
    <Filter Include="include">
      <UniqueIdentifier>{36f0fd8b-861b-4f7e-8c01-4bbfce62b5d8}</UniqueIdentifier>
      <Extensions>h;hpp;hxx;hm;inl;inc</Extensions>
    </Filter>
    <Filter Include="resource">
      <UniqueIdentifier>{784c57f9-fe79-433f-9bb6-accf29ef8f43}</UniqueIdentifier>
      <Extensions>rc;ico;cur;bmp;dlg;rc2;rct;bin;rgs;jpg;jpeg;jpe;png;manifest</Extensions>
    </Filter>
  </ItemGroup>
  <ItemGroup>
    <None Include="..\Resources\CloseSelected.png">
      <Filter>resource</Filter>
    </None>
    <None Include="..\Resources\CloseNormal.png">
      <Filter>resource</Filter>
    </None>
    <None Include="..\Resources\HelloWorld.png">
      <Filter>resource</Filter>
    </None>
    <None Include="res\LongMenInn.ico">
      <Filter>resource</Filter>
    </None>
  </ItemGroup>
  <ItemGroup>
    <ClInclude Include="..\Classes\AppDelegate.h">
      <Filter>include</Filter>
    </ClInclude>
    <ClInclude Include="..\Classes\BeginScene.h">
      <Filter>include</Filter>
    </ClInclude>
    <ClInclude Include="..\Classes\Cook.h">
      <Filter>include</Filter>
    </ClInclude>
    <ClInclude Include="..\Classes\Customer.h">
      <Filter>include</Filter>
    </ClInclude>
    <ClInclude Include="..\Classes\Desk.h">
      <Filter>include</Filter>
    </ClInclude>
    <ClInclude Include="..\Classes\InfoScene.h">
      <Filter>include</Filter>
    </ClInclude>
    <ClInclude Include="..\Classes\main.h">
      <Filter>include</Filter>
    </ClInclude>
    <ClInclude Include="..\Classes\MainGameScene.h">
      <Filter>include</Filter>
    </ClInclude>
    <ClInclude Include="..\Classes\Manager.h">
      <Filter>include</Filter>
    </ClInclude>
    <ClInclude Include="..\Classes\ManagerMenu.h">
      <Filter>include</Filter>
    </ClInclude>
    <ClInclude Include="..\Classes\MathGameLayer.h">
      <Filter>include</Filter>
    </ClInclude>
    <ClInclude Include="..\Classes\resource.h">
      <Filter>include</Filter>
    </ClInclude>
    <ClInclude Include="..\Classes\Staff.h">
      <Filter>include</Filter>
    </ClInclude>
    <ClInclude Include="..\Classes\tools.h">
      <Filter>include</Filter>
    </ClInclude>
    <ClInclude Include="..\Classes\TrainCookGame.h">
      <Filter>include</Filter>
    </ClInclude>
    <ClInclude Include="..\Classes\Waiter.h">
      <Filter>include</Filter>
    </ClInclude>
    <ClInclude Include="..\Classes\EndScene.h">
      <Filter>include</Filter>
    </ClInclude>
  </ItemGroup>
  <ItemGroup>
    <ClCompile Include="..\Classes\AppDelegate.cpp">
      <Filter>source</Filter>
    </ClCompile>
    <ClCompile Include="..\Classes\BeginScene.cpp">
      <Filter>source</Filter>
    </ClCompile>
    <ClCompile Include="..\Classes\Cook.cpp">
      <Filter>source</Filter>
    </ClCompile>
    <ClCompile Include="..\Classes\Customer.cpp">
      <Filter>source</Filter>
    </ClCompile>
    <ClCompile Include="..\Classes\Desk.cpp">
      <Filter>source</Filter>
    </ClCompile>
    <ClCompile Include="..\Classes\InfoScene.cpp">
      <Filter>source</Filter>
    </ClCompile>
    <ClCompile Include="..\Classes\main.cpp">
      <Filter>source</Filter>
    </ClCompile>
    <ClCompile Include="..\Classes\MainGameScene.cpp">
      <Filter>source</Filter>
    </ClCompile>
    <ClCompile Include="..\Classes\Manager.cpp">
      <Filter>source</Filter>
    </ClCompile>
    <ClCompile Include="..\Classes\ManagerMenu.cpp">
      <Filter>source</Filter>
    </ClCompile>
    <ClCompile Include="..\Classes\MathGameLayer.cpp">
      <Filter>source</Filter>
    </ClCompile>
    <ClCompile Include="..\Classes\Staff.cpp">
      <Filter>source</Filter>
    </ClCompile>
    <ClCompile Include="..\Classes\tools.cpp">
      <Filter>source</Filter>
    </ClCompile>
    <ClCompile Include="..\Classes\TrainCookGame.cpp">
      <Filter>source</Filter>
    </ClCompile>
    <ClCompile Include="..\Classes\Waiter.cpp">
      <Filter>source</Filter>
    </ClCompile>
    <ClCompile Include="..\Classes\EndScene.cpp">
      <Filter>source</Filter>
    </ClCompile>
  </ItemGroup>
  <ItemGroup>
    <ResourceCompile Include="LongMenInn.rc">
      <Filter>resource</Filter>
    </ResourceCompile>
  </ItemGroup>
</Project>